
Microsoft Visual Studio Solution File, Format Version 12.00
# Visual Studio Version 17
VisualStudioVersion = 17.14.36202.13
MinimumVisualStudioVersion = 10.0.40219.1
Project("{FAE04EC0-301F-11D3-BF4B-00C04F79EFBC}") = "OnlineMedicineBookingApplication.Domain", "OnlineMedicineBookingApplication.Domain\OnlineMedicineBookingApplication.Domain.csproj", "{2C8FE355-7D57-45C1-9591-3894513CAE59}"
EndProject
Project("{FAE04EC0-301F-11D3-BF4B-00C04F79EFBC}") = "OnlineMedicineBookingApplication.Infrastructure", "OnlineMedicineBookingApplication.Infrastructure\OnlineMedicineBookingApplication.Infrastructure.csproj", "{21DAB6F8-0E37-4BD4-91D6-23B34C2A67C3}"
EndProject
Project("{FAE04EC0-301F-11D3-BF4B-00C04F79EFBC}") = "OnlineMedicineBookingApplication.Application", "OnlineMedicineBookingApplication.Application\OnlineMedicineBookingApplication.Application.csproj", "{24FC56B3-9C81-429E-B659-6561060AAEA5}"
EndProject
Project("{FAE04EC0-301F-11D3-BF4B-00C04F79EFBC}") = "OnlineMedicineBookingApplication.API", "OnlineMedicineBookingApplication.API\OnlineMedicineBookingApplication.API.csproj", "{433F633B-2316-48D3-B2DE-425495CC54EB}"
EndProject
Project("{2150E333-8FDC-42A3-9474-1A3956D46DE8}") = "Solution Items", "Solution Items", "{02EA681E-C7D8-13C7-8484-4AC65E1B71E8}"
	ProjectSection(SolutionItems) = preProject
		.editorconfig = .editorconfig
	EndProjectSection
EndProject
Global
	GlobalSection(SolutionConfigurationPlatforms) = preSolution
		Debug|Any CPU = Debug|Any CPU
		Release|Any CPU = Release|Any CPU
	EndGlobalSection
	GlobalSection(ProjectConfigurationPlatforms) = postSolution
		{2C8FE355-7D57-45C1-9591-3894513CAE59}.Debug|Any CPU.ActiveCfg = Debug|Any CPU
		{2C8FE355-7D57-45C1-9591-3894513CAE59}.Debug|Any CPU.Build.0 = Debug|Any CPU
		{2C8FE355-7D57-45C1-9591-3894513CAE59}.Release|Any CPU.ActiveCfg = Release|Any CPU
		{2C8FE355-7D57-45C1-9591-3894513CAE59}.Release|Any CPU.Build.0 = Release|Any CPU
		{21DAB6F8-0E37-4BD4-91D6-23B34C2A67C3}.Debug|Any CPU.ActiveCfg = Debug|Any CPU
		{21DAB6F8-0E37-4BD4-91D6-23B34C2A67C3}.Debug|Any CPU.Build.0 = Debug|Any CPU
		{21DAB6F8-0E37-4BD4-91D6-23B34C2A67C3}.Release|Any CPU.ActiveCfg = Release|Any CPU
		{21DAB6F8-0E37-4BD4-91D6-23B34C2A67C3}.Release|Any CPU.Build.0 = Release|Any CPU
		{24FC56B3-9C81-429E-B659-6561060AAEA5}.Debug|Any CPU.ActiveCfg = Debug|Any CPU
		{24FC56B3-9C81-429E-B659-6561060AAEA5}.Debug|Any CPU.Build.0 = Debug|Any CPU
		{24FC56B3-9C81-429E-B659-6561060AAEA5}.Release|Any CPU.ActiveCfg = Release|Any CPU
		{24FC56B3-9C81-429E-B659-6561060AAEA5}.Release|Any CPU.Build.0 = Release|Any CPU
		{433F633B-2316-48D3-B2DE-425495CC54EB}.Debug|Any CPU.ActiveCfg = Debug|Any CPU
		{433F633B-2316-48D3-B2DE-425495CC54EB}.Debug|Any CPU.Build.0 = Debug|Any CPU
		{433F633B-2316-48D3-B2DE-425495CC54EB}.Release|Any CPU.ActiveCfg = Release|Any CPU
		{433F633B-2316-48D3-B2DE-425495CC54EB}.Release|Any CPU.Build.0 = Release|Any CPU
	EndGlobalSection
	GlobalSection(SolutionProperties) = preSolution
		HideSolutionNode = FALSE
	EndGlobalSection
	GlobalSection(ExtensibilityGlobals) = postSolution
		SolutionGuid = {2B46ADDF-D86A-4FED-9A5C-116EF0388B50}
	EndGlobalSection
EndGlobal
